{
    "_readme": [
        "This file locks the dependencies of your project to a known state",
        "Read more about it at https://getcomposer.org/doc/01-basic-usage.md#installing-dependencies",
        "This file is @generated automatically"
    ],
    "content-hash": "c2f723317831609de8680040ddb91327",
    "packages": [
        {
            "name": "mcmatters/ticl",
            "version": "dev-master",
            "source": {
                "type": "git",
                "url": "https://github.com/MCMatters/ticl.git",
                "reference": "5a51d180fd5fb93fb3d5592f9156dafd5e6b85d8"
            },
            "dist": {
                "type": "zip",
                "url": "https://api.github.com/repos/MCMatters/ticl/zipball/5a51d180fd5fb93fb3d5592f9156dafd5e6b85d8",
                "reference": "5a51d180fd5fb93fb3d5592f9156dafd5e6b85d8",
                "shasum": ""
            },
            "require": {
                "ext-curl": "*",
                "ext-json": "*",
                "ext-mbstring": "*",
                "php": ">=7.0"
            },
            "type": "library",
            "autoload": {
                "psr-4": {
                    "McMatters\\Ticl\\": "src/"
                }
            },
            "notification-url": "https://packagist.org/downloads/",
            "license": [
                "MIT"
            ],
            "authors": [
                {
                    "name": "Dmitry Borzyonok",
                    "email": "dima.matters@gmail.com"
                }
            ],
            "description": "Tiny http client",
            "time": "2019-09-03T00:31:55+00:00"
        }
    ],
    "packages-dev": [],
    "aliases": [],
    "minimum-stability": "stable",
    "stability-flags": {
        "mcmatters/ticl": 20
    },
    "prefer-stable": false,
    "prefer-lowest": false,
    "platform": {
        "php": ">=7.0"
    },
    "platform-dev": []
}
